// !$*UTF8*$!
{
	archiveVersion = 1;
	classes = {
	};
	objectVersion = 50;
	objects = {

/* Begin PBXBuildFile section */
		A52700F124FF982600BB450B /* AppDelegate.swift in Sources */ = {isa = PBXBuildFile; fileRef = A52700F024FF982600BB450B /* AppDelegate.swift */; };
		A52700F324FF982600BB450B /* SceneDelegate.swift in Sources */ = {isa = PBXBuildFile; fileRef = A52700F224FF982600BB450B /* SceneDelegate.swift */; };
		A52700F524FF982600BB450B /* ViewController.swift in Sources */ = {isa = PBXBuildFile; fileRef = A52700F424FF982600BB450B /* ViewController.swift */; };
		A52700F824FF982600BB450B /* Main.storyboard in Resources */ = {isa = PBXBuildFile; fileRef = A52700F624FF982600BB450B /* Main.storyboard */; };
		A52700FD24FF982B00BB450B /* LaunchScreen.storyboard in Resources */ = {isa = PBXBuildFile; fileRef = A52700FB24FF982B00BB450B /* LaunchScreen.storyboard */; };
		A527010A24FF98E100BB450B /* rateCell.swift in Sources */ = {isa = PBXBuildFile; fileRef = A527010824FF98E100BB450B /* rateCell.swift */; };
		A527010B24FF98E100BB450B /* rateCell.xib in Resources */ = {isa = PBXBuildFile; fileRef = A527010924FF98E100BB450B /* rateCell.xib */; };
		A527010E24FF990800BB450B /* orderCell.swift in Sources */ = {isa = PBXBuildFile; fileRef = A527010C24FF990800BB450B /* orderCell.swift */; };
		A527010F24FF990800BB450B /* orderCell.xib in Resources */ = {isa = PBXBuildFile; fileRef = A527010D24FF990800BB450B /* orderCell.xib */; };
		A527011224FFA51600BB450B /* hexColor.swift in Sources */ = {isa = PBXBuildFile; fileRef = A527011124FFA51600BB450B /* hexColor.swift */; };
		A527011424FFA96500BB450B /* Assets.xcassets in Resources */ = {isa = PBXBuildFile; fileRef = A527011324FFA96500BB450B /* Assets.xcassets */; };
		A527011625004BCC00BB450B /* rateViewController.swift in Sources */ = {isa = PBXBuildFile; fileRef = A527011525004BCC00BB450B /* rateViewController.swift */; };
		A527011A2500569300BB450B /* transitViewController.swift in Sources */ = {isa = PBXBuildFile; fileRef = A52701192500569300BB450B /* transitViewController.swift */; };
		A527011D250056AE00BB450B /* transitCell.swift in Sources */ = {isa = PBXBuildFile; fileRef = A527011B250056AE00BB450B /* transitCell.swift */; };
		A527011E250056AE00BB450B /* transitCell.xib in Resources */ = {isa = PBXBuildFile; fileRef = A527011C250056AE00BB450B /* transitCell.xib */; };
		A52701202500599A00BB450B /* HomeViewController.swift in Sources */ = {isa = PBXBuildFile; fileRef = A527011F2500599A00BB450B /* HomeViewController.swift */; };
/* End PBXBuildFile section */

/* Begin PBXFileReference section */
		A52700ED24FF982600BB450B /* differentUI.app */ = {isa = PBXFileReference; explicitFileType = wrapper.application; includeInIndex = 0; path = differentUI.app; sourceTree = BUILT_PRODUCTS_DIR; };
		A52700F024FF982600BB450B /* AppDelegate.swift */ = {isa = PBXFileReference; lastKnownFileType = sourcecode.swift; path = AppDelegate.swift; sourceTree = "<group>"; };
		A52700F224FF982600BB450B /* SceneDelegate.swift */ = {isa = PBXFileReference; lastKnownFileType = sourcecode.swift; path = SceneDelegate.swift; sourceTree = "<group>"; };
		A52700F424FF982600BB450B /* ViewController.swift */ = {isa = PBXFileReference; lastKnownFileType = sourcecode.swift; path = ViewController.swift; sourceTree = "<group>"; };
		A52700F724FF982600BB450B /* Base */ = {isa = PBXFileReference; lastKnownFileType = file.storyboard; name = Base; path = Base.lproj/Main.storyboard; sourceTree = "<group>"; };
		A52700FC24FF982B00BB450B /* Base */ = {isa = PBXFileReference; lastKnownFileType = file.storyboard; name = Base; path = Base.lproj/LaunchScreen.storyboard; sourceTree = "<group>"; };
		A52700FE24FF982B00BB450B /* Info.plist */ = {isa = PBXFileReference; lastKnownFileType = text.plist.xml; path = Info.plist; sourceTree = "<group>"; };
		A527010824FF98E100BB450B /* rateCell.swift */ = {isa = PBXFileReference; lastKnownFileType = sourcecode.swift; path = rateCell.swift; sourceTree = "<group>"; };
		A527010924FF98E100BB450B /* rateCell.xib */ = {isa = PBXFileReference; lastKnownFileType = file.xib; path = rateCell.xib; sourceTree = "<group>"; };
		A527010C24FF990800BB450B /* orderCell.swift */ = {isa = PBXFileReference; lastKnownFileType = sourcecode.swift; path = orderCell.swift; sourceTree = "<group>"; };
		A527010D24FF990800BB450B /* orderCell.xib */ = {isa = PBXFileReference; lastKnownFileType = file.xib; path = orderCell.xib; sourceTree = "<group>"; };
		A527011124FFA51600BB450B /* hexColor.swift */ = {isa = PBXFileReference; lastKnownFileType = sourcecode.swift; path = hexColor.swift; sourceTree = "<group>"; };
		A527011324FFA96500BB450B /* Assets.xcassets */ = {isa = PBXFileReference; lastKnownFileType = folder.assetcatalog; path = Assets.xcassets; sourceTree = "<group>"; };
		A527011525004BCC00BB450B /* rateViewController.swift */ = {isa = PBXFileReference; lastKnownFileType = sourcecode.swift; path = rateViewController.swift; sourceTree = "<group>"; };
		A52701192500569300BB450B /* transitViewController.swift */ = {isa = PBXFileReference; lastKnownFileType = sourcecode.swift; path = transitViewController.swift; sourceTree = "<group>"; };
		A527011B250056AE00BB450B /* transitCell.swift */ = {isa = PBXFileReference; lastKnownFileType = sourcecode.swift; path = transitCell.swift; sourceTree = "<group>"; };
		A527011C250056AE00BB450B /* transitCell.xib */ = {isa = PBXFileReference; lastKnownFileType = file.xib; path = transitCell.xib; sourceTree = "<group>"; };
		A527011F2500599A00BB450B /* HomeViewController.swift */ = {isa = PBXFileReference; lastKnownFileType = sourcecode.swift; path = HomeViewController.swift; sourceTree = "<group>"; };
/* End PBXFileReference section */

/* Begin PBXFrameworksBuildPhase section */
		A52700EA24FF982600BB450B /* Frameworks */ = {
			isa = PBXFrameworksBuildPhase;
			buildActionMask = 2147483647;
			files = (
			);
			runOnlyForDeploymentPostprocessing = 0;
		};
/* End PBXFrameworksBuildPhase section */

/* Begin PBXGroup section */
		A52700E424FF982600BB450B = {
			isa = PBXGroup;
			children = (
				A52700EF24FF982600BB450B /* differentUI */,
				A52700EE24FF982600BB450B /* Products */,
			);
			sourceTree = "<group>";
		};
		A52700EE24FF982600BB450B /* Products */ = {
			isa = PBXGroup;
			children = (
				A52700ED24FF982600BB450B /* differentUI.app */,
			);
			name = Products;
			sourceTree = "<group>";
		};
		A52700EF24FF982600BB450B /* differentUI */ = {
			isa = PBXGroup;
			children = (
				A527011024FFA50500BB450B /* colors */,
				A52700F024FF982600BB450B /* AppDelegate.swift */,
				A52700F224FF982600BB450B /* SceneDelegate.swift */,
				A527011F2500599A00BB450B /* HomeViewController.swift */,
				A5270117250053DA00BB450B /* orderUI */,
				A527012125005BC500BB450B /* transitUI */,
				A5270118250053FF00BB450B /* rateUI */,
				A52700F624FF982600BB450B /* Main.storyboard */,
				A527011324FFA96500BB450B /* Assets.xcassets */,
				A52700FB24FF982B00BB450B /* LaunchScreen.storyboard */,
				A52700FE24FF982B00BB450B /* Info.plist */,
			);
			path = differentUI;
			sourceTree = "<group>";
		};
		A527011024FFA50500BB450B /* colors */ = {
			isa = PBXGroup;
			children = (
				A527011124FFA51600BB450B /* hexColor.swift */,
			);
			path = colors;
			sourceTree = "<group>";
		};
		A5270117250053DA00BB450B /* orderUI */ = {
			isa = PBXGroup;
			children = (
				A52700F424FF982600BB450B /* ViewController.swift */,
				A527010C24FF990800BB450B /* orderCell.swift */,
				A527010D24FF990800BB450B /* orderCell.xib */,
			);
			path = orderUI;
			sourceTree = "<group>";
		};
		A5270118250053FF00BB450B /* rateUI */ = {
			isa = PBXGroup;
			children = (
				A527011525004BCC00BB450B /* rateViewController.swift */,
				A527010824FF98E100BB450B /* rateCell.swift */,
				A527010924FF98E100BB450B /* rateCell.xib */,
			);
			path = rateUI;
			sourceTree = "<group>";
		};
		A527012125005BC500BB450B /* transitUI */ = {
			isa = PBXGroup;
			children = (
				A52701192500569300BB450B /* transitViewController.swift */,
				A527011B250056AE00BB450B /* transitCell.swift */,
				A527011C250056AE00BB450B /* transitCell.xib */,
			);
			path = transitUI;
			sourceTree = "<group>";
		};
/* End PBXGroup section */

/* Begin PBXNativeTarget section */
		A52700EC24FF982600BB450B /* differentUI */ = {
			isa = PBXNativeTarget;
			buildConfigurationList = A527010124FF982B00BB450B /* Build configuration list for PBXNativeTarget "differentUI" */;
			buildPhases = (
				A52700E924FF982600BB450B /* Sources */,
				A52700EA24FF982600BB450B /* Frameworks */,
				A52700EB24FF982600BB450B /* Resources */,
			);
			buildRules = (
			);
			dependencies = (
			);
			name = differentUI;
			productName = differentUI;
			productReference = A52700ED24FF982600BB450B /* differentUI.app */;
			productType = "com.apple.product-type.application";
		};
/* End PBXNativeTarget section */

/* Begin PBXProject section */
		A52700E524FF982600BB450B /* Project object */ = {
			isa = PBXProject;
			attributes = {
				LastSwiftUpdateCheck = 1160;
				LastUpgradeCheck = 1160;
				ORGANIZATIONNAME = "Jawaher Alaggl";
				TargetAttributes = {
					A52700EC24FF982600BB450B = {
						CreatedOnToolsVersion = 11.6;
					};
				};
			};
			buildConfigurationList = A52700E824FF982600BB450B /* Build configuration list for PBXProject "differentUI" */;
			compatibilityVersion = "Xcode 9.3";
			developmentRegion = en;
			hasScannedForEncodings = 0;
			knownRegions = (
				en,
				Base,
			);
			mainGroup = A52700E424FF982600BB450B;
			productRefGroup = A52700EE24FF982600BB450B /* Products */;
			projectDirPath = "";
			projectRoot = "";
			targets = (
				A52700EC24FF982600BB450B /* differentUI */,
			);
		};
/* End PBXProject section */

/* Begin PBXResourcesBuildPhase section */
		A52700EB24FF982600BB450B /* Resources */ = {
			isa = PBXResourcesBuildPhase;
			buildActionMask = 2147483647;
			files = (
				A527010F24FF990800BB450B /* orderCell.xib in Resources */,
				A527011E250056AE00BB450B /* transitCell.xib in Resources */,
				A52700FD24FF982B00BB450B /* LaunchScreen.storyboard in Resources */,
				A527010B24FF98E100BB450B /* rateCell.xib in Resources */,
				A52700F824FF982600BB450B /* Main.storyboard in Resources */,
				A527011424FFA96500BB450B /* Assets.xcassets in Resources */,
			);
			runOnlyForDeploymentPostprocessing = 0;
		};
/* End PBXResourcesBuildPhase section */

/* Begin PBXSourcesBuildPhase section */
		A52700E924FF982600BB450B /* Sources */ = {
			isa = PBXSourcesBuildPhase;
			buildActionMask = 2147483647;
			files = (
				A52700F524FF982600BB450B /* ViewController.swift in Sources */,
				A527011224FFA51600BB450B /* hexColor.swift in Sources */,
				A527011A2500569300BB450B /* transitViewController.swift in Sources */,
				A527010A24FF98E100BB450B /* rateCell.swift in Sources */,
				A52700F124FF982600BB450B /* AppDelegate.swift in Sources */,
				A52701202500599A00BB450B /* HomeViewController.swift in Sources */,
				A52700F324FF982600BB450B /* SceneDelegate.swift in Sources */,
				A527010E24FF990800BB450B /* orderCell.swift in Sources */,
				A527011D250056AE00BB450B /* transitCell.swift in Sources */,
				A527011625004BCC00BB450B /* rateViewController.swift in Sources */,
			);
			runOnlyForDeploymentPostprocessing = 0;
		};
/* End PBXSourcesBuildPhase section */

/* Begin PBXVariantGroup section */
		A52700F624FF982600BB450B /* Main.storyboard */ = {
			isa = PBXVariantGroup;
			children = (
				A52700F724FF982600BB450B /* Base */,
			);
			name = Main.storyboard;
			sourceTree = "<group>";
		};
		A52700FB24FF982B00BB450B /* LaunchScreen.storyboard */ = {
			isa = PBXVariantGroup;
			children = (
				A52700FC24FF982B00BB450B /* Base */,
			);
			name = LaunchScreen.storyboard;
			sourceTree = "<group>";
		};
/* End PBXVariantGroup section */

/* Begin XCBuildConfiguration section */
		A52700FF24FF982B00BB450B /* Debug */ = {
			isa = XCBuildConfiguration;
			buildSettings = {
				ALWAYS_SEARCH_USER_PATHS = NO;
				CLANG_ANALYZER_NONNULL = YES;
				CLANG_ANALYZER_NUMBER_OBJECT_CONVERSION = YES_AGGRESSIVE;
				CLANG_CXX_LANGUAGE_STANDARD = "gnu++14";
				CLANG_CXX_LIBRARY = "libc++";
				CLANG_ENABLE_MODULES = YES;
				CLANG_ENABLE_OBJC_ARC = YES;
				CLANG_ENABLE_OBJC_WEAK = YES;
				CLANG_WARN_BLOCK_CAPTURE_AUTORELEASING = YES;
				CLANG_WARN_BOOL_CONVERSION = YES;
				CLANG_WARN_COMMA = YES;
				CLANG_WARN_CONSTANT_CONVERSION = YES;
				CLANG_WARN_DEPRECATED_OBJC_IMPLEMENTATIONS = YES;
				CLANG_WARN_DIRECT_OBJC_ISA_USAGE = YES_ERROR;
				CLANG_WARN_DOCUMENTATION_COMMENTS = YES;
				CLANG_WARN_EMPTY_BODY = YES;
				CLANG_WARN_ENUM_CONVERSION = YES;
				CLANG_WARN_INFINITE_RECURSION = YES;
				CLANG_WARN_INT_CONVERSION = YES;
				CLANG_WARN_NON_LITERAL_NULL_CONVERSION = YES;
				CLANG_WARN_OBJC_IMPLICIT_RETAIN_SELF = YES;
				CLANG_WARN_OBJC_LITERAL_CONVERSION = YES;
				CLANG_WARN_OBJC_ROOT_CLASS = YES_ERROR;
				CLANG_WARN_RANGE_LOOP_ANALYSIS = YES;
				CLANG_WARN_STRICT_PROTOTYPES = YES;
				CLANG_WARN_SUSPICIOUS_MOVE = YES;
				CLANG_WARN_UNGUARDED_AVAILABILITY = YES_AGGRESSIVE;
				CLANG_WARN_UNREACHABLE_CODE = YES;
				CLANG_WARN__DUPLICATE_METHOD_MATCH = YES;
				COPY_PHASE_STRIP = NO;
				DEBUG_INFORMATION_FORMAT = dwarf;
				ENABLE_STRICT_OBJC_MSGSEND = YES;
				ENABLE_TESTABILITY = YES;
				GCC_C_LANGUAGE_STANDARD = gnu11;
				GCC_DYNAMIC_NO_PIC = NO;
				GCC_NO_COMMON_BLOCKS = YES;
				GCC_OPTIMIZATION_LEVEL = 0;
				GCC_PREPROCESSOR_DEFINITIONS = (
					"DEBUG=1",
					"$(inherited)",
				);
				GCC_WARN_64_TO_32_BIT_CONVERSION = YES;
				GCC_WARN_ABOUT_RETURN_TYPE = YES_ERROR;
				GCC_WARN_UNDECLARED_SELECTOR = YES;
				GCC_WARN_UNINITIALIZED_AUTOS = YES_AGGRESSIVE;
				GCC_WARN_UNUSED_FUNCTION = YES;
				GCC_WARN_UNUSED_VARIABLE = YES;
				IPHONEOS_DEPLOYMENT_TARGET = 13.6;
				MTL_ENABLE_DEBUG_INFO = INCLUDE_SOURCE;
				MTL_FAST_MATH = YES;
				ONLY_ACTIVE_ARCH = YES;
				SDKROOT = iphoneos;
				SWIFT_ACTIVE_COMPILATION_CONDITIONS = DEBUG;
				SWIFT_OPTIMIZATION_LEVEL = "-Onone";
			};
			name = Debug;
		};
		A527010024FF982B00BB450B /* Release */ = {
			isa = XCBuildConfiguration;
			buildSettings = {
				ALWAYS_SEARCH_USER_PATHS = NO;
				CLANG_ANALYZER_NONNULL = YES;
				CLANG_ANALYZER_NUMBER_OBJECT_CONVERSION = YES_AGGRESSIVE;
				CLANG_CXX_LANGUAGE_STANDARD = "gnu++14";
				CLANG_CXX_LIBRARY = "libc++";
				CLANG_ENABLE_MODULES = YES;
				CLANG_ENABLE_OBJC_ARC = YES;
				CLANG_ENABLE_OBJC_WEAK = YES;
				CLANG_WARN_BLOCK_CAPTURE_AUTORELEASING = YES;
				CLANG_WARN_BOOL_CONVERSION = YES;
				CLANG_WARN_COMMA = YES;
				CLANG_WARN_CONSTANT_CONVERSION = YES;
				CLANG_WARN_DEPRECATED_OBJC_IMPLEMENTATIONS = YES;
				CLANG_WARN_DIRECT_OBJC_ISA_USAGE = YES_ERROR;
				CLANG_WARN_DOCUMENTATION_COMMENTS = YES;
				CLANG_WARN_EMPTY_BODY = YES;
				CLANG_WARN_ENUM_CONVERSION = YES;
				CLANG_WARN_INFINITE_RECURSION = YES;
				CLANG_WARN_INT_CONVERSION = YES;
				CLANG_WARN_NON_LITERAL_NULL_CONVERSION = YES;
				CLANG_WARN_OBJC_IMPLICIT_RETAIN_SELF = YES;
				CLANG_WARN_OBJC_LITERAL_CONVERSION = YES;
				CLANG_WARN_OBJC_ROOT_CLASS = YES_ERROR;
				CLANG_WARN_RANGE_LOOP_ANALYSIS = YES;
				CLANG_WARN_STRICT_PROTOTYPES = YES;
				CLANG_WARN_SUSPICIOUS_MOVE = YES;
				CLANG_WARN_UNGUARDED_AVAILABILITY = YES_AGGRESSIVE;
				CLANG_WARN_UNREACHABLE_CODE = YES;
				CLANG_WARN__DUPLICATE_METHOD_MATCH = YES;
				COPY_PHASE_STRIP = NO;
				DEBUG_INFORMATION_FORMAT = "dwarf-with-dsym";
				ENABLE_NS_ASSERTIONS = NO;
				ENABLE_STRICT_OBJC_MSGSEND = YES;
				GCC_C_LANGUAGE_STANDARD = gnu11;
				GCC_NO_COMMON_BLOCKS = YES;
				GCC_WARN_64_TO_32_BIT_CONVERSION = YES;
				GCC_WARN_ABOUT_RETURN_TYPE = YES_ERROR;
				GCC_WARN_UNDECLARED_SELECTOR = YES;
				GCC_WARN_UNINITIALIZED_AUTOS = YES_AGGRESSIVE;
				GCC_WARN_UNUSED_FUNCTION = YES;
				GCC_WARN_UNUSED_VARIABLE = YES;
				IPHONEOS_DEPLOYMENT_TARGET = 13.6;
				MTL_ENABLE_DEBUG_INFO = NO;
				MTL_FAST_MATH = YES;
				SDKROOT = iphoneos;
				SWIFT_COMPILATION_MODE = wholemodule;
				SWIFT_OPTIMIZATION_LEVEL = "-O";
				VALIDATE_PRODUCT = YES;
			};
			name = Release;
		};
		A527010224FF982B00BB450B /* Debug */ = {
			isa = XCBuildConfiguration;
			buildSettings = {
				ASSETCATALOG_COMPILER_APPICON_NAME = AppIcon;
				CODE_SIGN_STYLE = Automatic;
				DEVELOPMENT_TEAM = 6W4MA25Y33;
				INFOPLIST_FILE = differentUI/Info.plist;
				LD_RUNPATH_SEARCH_PATHS = (
					"$(inherited)",
					"@executable_path/Frameworks",
				);
				PRODUCT_BUNDLE_IDENTIFIER = com.jaDanRA.differentUI;
				PRODUCT_NAME = "$(TARGET_NAME)";
				SWIFT_VERSION = 5.0;
				TARGETED_DEVICE_FAMILY = "1,2";
			};
			name = Debug;
		};
		A527010324FF982B00BB450B /* Release */ = {
			isa = XCBuildConfiguration;
			buildSettings = {
				ASSETCATALOG_COMPILER_APPICON_NAME = AppIcon;
				CODE_SIGN_STYLE = Automatic;
				DEVELOPMENT_TEAM = 6W4MA25Y33;
				INFOPLIST_FILE = differentUI/Info.plist;
				LD_RUNPATH_SEARCH_PATHS = (
					"$(inherited)",
					"@executable_path/Frameworks",
				);
				PRODUCT_BUNDLE_IDENTIFIER = com.jaDanRA.differentUI;
				PRODUCT_NAME = "$(TARGET_NAME)";
				SWIFT_VERSION = 5.0;
				TARGETED_DEVICE_FAMILY = "1,2";
			};
			name = Release;
		};
/* End XCBuildConfiguration section */

/* Begin XCConfigurationList section */
		A52700E824FF982600BB450B /* Build configuration list for PBXProject "differentUI" */ = {
			isa = XCConfigurationList;
			buildConfigurations = (
				A52700FF24FF982B00BB450B /* Debug */,
				A527010024FF982B00BB450B /* Release */,
			);
			defaultConfigurationIsVisible = 0;
			defaultConfigurationName = Release;
		};
		A527010124FF982B00BB450B /* Build configuration list for PBXNativeTarget "differentUI" */ = {
			isa = XCConfigurationList;
			buildConfigurations = (
				A527010224FF982B00BB450B /* Debug */,
				A527010324FF982B00BB450B /* Release */,
			);
			defaultConfigurationIsVisible = 0;
			defaultConfigurationName = Release;
		};
/* End XCConfigurationList section */
	};
	rootObject = A52700E524FF982600BB450B /* Project object */;
}
